
Microsoft Visual Studio Solution File, Format Version 12.00
# Visual Studio 15
VisualStudioVersion = 15.0.27428.2027
MinimumVisualStudioVersion = 10.0.40219.1
Project("{FAE04EC0-301F-11D3-BF4B-00C04F79EFBC}") = "Aud3MVC", "Aud3MVC\Aud3MVC.csproj", "{193C8CF8-D0E2-4718-8714-6FF0B0F44D3F}"
EndProject
Global
	GlobalSection(SolutionConfigurationPlatforms) = preSolution
		Debug|Any CPU = Debug|Any CPU
		Release|Any CPU = Release|Any CPU
	EndGlobalSection
	GlobalSection(ProjectConfigurationPlatforms) = postSolution
		{193C8CF8-D0E2-4718-8714-6FF0B0F44D3F}.Debug|Any CPU.ActiveCfg = Debug|Any CPU
		{193C8CF8-D0E2-4718-8714-6FF0B0F44D3F}.Debug|Any CPU.Build.0 = Debug|Any CPU
		{193C8CF8-D0E2-4718-8714-6FF0B0F44D3F}.Release|Any CPU.ActiveCfg = Release|Any CPU
		{193C8CF8-D0E2-4718-8714-6FF0B0F44D3F}.Release|Any CPU.Build.0 = Release|Any CPU
	EndGlobalSection
	GlobalSection(SolutionProperties) = preSolution
		HideSolutionNode = FALSE
	EndGlobalSection
	GlobalSection(ExtensibilityGlobals) = postSolution
		SolutionGuid = {E9BDD861-F038-46FB-B5FE-D96111D90370}
	EndGlobalSection
EndGlobal
