
Microsoft Visual Studio Solution File, Format Version 12.00
# Visual Studio 15
VisualStudioVersion = 15.0.27428.2037
MinimumVisualStudioVersion = 10.0.40219.1
Project("{FAE04EC0-301F-11D3-BF4B-00C04F79EFBC}") = "MVCAud4", "MVCAud4\MVCAud4.csproj", "{0FD5DE0E-09DA-4499-AE5F-DE54929A1254}"
EndProject
Global
	GlobalSection(SolutionConfigurationPlatforms) = preSolution
		Debug|Any CPU = Debug|Any CPU
		Release|Any CPU = Release|Any CPU
	EndGlobalSection
	GlobalSection(ProjectConfigurationPlatforms) = postSolution
		{0FD5DE0E-09DA-4499-AE5F-DE54929A1254}.Debug|Any CPU.ActiveCfg = Debug|Any CPU
		{0FD5DE0E-09DA-4499-AE5F-DE54929A1254}.Debug|Any CPU.Build.0 = Debug|Any CPU
		{0FD5DE0E-09DA-4499-AE5F-DE54929A1254}.Release|Any CPU.ActiveCfg = Release|Any CPU
		{0FD5DE0E-09DA-4499-AE5F-DE54929A1254}.Release|Any CPU.Build.0 = Release|Any CPU
	EndGlobalSection
	GlobalSection(SolutionProperties) = preSolution
		HideSolutionNode = FALSE
	EndGlobalSection
	GlobalSection(ExtensibilityGlobals) = postSolution
		SolutionGuid = {079BF33B-7F78-4F4B-BC20-830F1E2CF6D6}
	EndGlobalSection
EndGlobal
